
Microsoft Visual Studio Solution File, Format Version 12.00
# Visual Studio Version 16
VisualStudioVersion = 16.0.30907.101
MinimumVisualStudioVersion = 10.0.40219.1
Project("{FAE04EC0-301F-11D3-BF4B-00C04F79EFBC}") = "VinylCollectionApplication", "VinylCollectionApplication\VinylCollectionApplication.csproj", "{17664D50-258A-4FD6-B95E-CF383A6E2350}"
EndProject
Project("{2150E333-8FDC-42A3-9474-1A3956D46DE8}") = "Solution Items", "Solution Items", "{1AB81B37-35FC-4718-A884-EA3B7822264A}"
	ProjectSection(SolutionItems) = preProject
		.editorconfig = .editorconfig
	EndProjectSection
EndProject
Global
	GlobalSection(SolutionConfigurationPlatforms) = preSolution
		Debug|Any CPU = Debug|Any CPU
		Release|Any CPU = Release|Any CPU
	EndGlobalSection
	GlobalSection(ProjectConfigurationPlatforms) = postSolution
		{17664D50-258A-4FD6-B95E-CF383A6E2350}.Debug|Any CPU.ActiveCfg = Debug|Any CPU
		{17664D50-258A-4FD6-B95E-CF383A6E2350}.Debug|Any CPU.Build.0 = Debug|Any CPU
		{17664D50-258A-4FD6-B95E-CF383A6E2350}.Release|Any CPU.ActiveCfg = Release|Any CPU
		{17664D50-258A-4FD6-B95E-CF383A6E2350}.Release|Any CPU.Build.0 = Release|Any CPU
	EndGlobalSection
	GlobalSection(SolutionProperties) = preSolution
		HideSolutionNode = FALSE
	EndGlobalSection
	GlobalSection(ExtensibilityGlobals) = postSolution
		SolutionGuid = {1357349F-0317-4E85-9BEF-713AFE7B127D}
	EndGlobalSection
EndGlobal
